
Microsoft Visual Studio Solution File, Format Version 12.00
Project("{FAE04EC0-301F-11D3-BF4B-00C04F79EFBC}") = "TestGame", "TestGame\TestGame.csproj", "{00000118-C8C2-4060-9B16-BDD899DDBBBF}"
EndProject
Global
	GlobalSection(SolutionConfigurationPlatforms) = preSolution
		Debug|Any CPU = Debug|Any CPU
		Release|Any CPU = Release|Any CPU
	EndGlobalSection
	GlobalSection(ProjectConfigurationPlatforms) = postSolution
		{00000118-C8C2-4060-9B16-BDD899DDBBBF}.Debug|Any CPU.ActiveCfg = Debug|Any CPU
		{00000118-C8C2-4060-9B16-BDD899DDBBBF}.Debug|Any CPU.Build.0 = Debug|Any CPU
		{00000118-C8C2-4060-9B16-BDD899DDBBBF}.Release|Any CPU.ActiveCfg = Release|Any CPU
		{00000118-C8C2-4060-9B16-BDD899DDBBBF}.Release|Any CPU.Build.0 = Release|Any CPU
	EndGlobalSection
EndGlobal
